
Microsoft Visual Studio Solution File, Format Version 12.00
# Visual Studio Version 17
VisualStudioVersion = 17.5.002.0
MinimumVisualStudioVersion = 10.0.40219.1
Project("{9A19103F-16F7-4668-BE54-9A1E7A4F7556}") = "RowletApi", "RowletApi.csproj", "{076AFB2F-B55B-4263-BD44-522A64595128}"
EndProject
Global
	GlobalSection(SolutionConfigurationPlatforms) = preSolution
		Debug|Any CPU = Debug|Any CPU
		Release|Any CPU = Release|Any CPU
	EndGlobalSection
	GlobalSection(ProjectConfigurationPlatforms) = postSolution
		{076AFB2F-B55B-4263-BD44-522A64595128}.Debug|Any CPU.ActiveCfg = Debug|Any CPU
		{076AFB2F-B55B-4263-BD44-522A64595128}.Debug|Any CPU.Build.0 = Debug|Any CPU
		{076AFB2F-B55B-4263-BD44-522A64595128}.Release|Any CPU.ActiveCfg = Release|Any CPU
		{076AFB2F-B55B-4263-BD44-522A64595128}.Release|Any CPU.Build.0 = Release|Any CPU
	EndGlobalSection
	GlobalSection(SolutionProperties) = preSolution
		HideSolutionNode = FALSE
	EndGlobalSection
	GlobalSection(ExtensibilityGlobals) = postSolution
		SolutionGuid = {48108B70-69CA-43DB-A9FF-C5A44A87FA00}
	EndGlobalSection
EndGlobal
